
Microsoft Visual Studio Solution File, Format Version 12.00
# Visual Studio 15
VisualStudioVersion = 15.0.27428.2005
MinimumVisualStudioVersion = 10.0.40219.1
Project("{FAE04EC0-301F-11D3-BF4B-00C04F79EFBC}") = "Mytest0329", "Mytest0329\Mytest0329.csproj", "{1A75E120-6909-40D6-8EE0-6F320621F5C7}"
EndProject
Project("{FAE04EC0-301F-11D3-BF4B-00C04F79EFBC}") = "EFtest", "EFtest\EFtest.csproj", "{8E44A74D-5EF4-46EA-85B5-E404E4476630}"
EndProject
Global
	GlobalSection(SolutionConfigurationPlatforms) = preSolution
		Debug|Any CPU = Debug|Any CPU
		Release|Any CPU = Release|Any CPU
	EndGlobalSection
	GlobalSection(ProjectConfigurationPlatforms) = postSolution
		{1A75E120-6909-40D6-8EE0-6F320621F5C7}.Debug|Any CPU.ActiveCfg = Debug|Any CPU
		{1A75E120-6909-40D6-8EE0-6F320621F5C7}.Debug|Any CPU.Build.0 = Debug|Any CPU
		{1A75E120-6909-40D6-8EE0-6F320621F5C7}.Release|Any CPU.ActiveCfg = Release|Any CPU
		{1A75E120-6909-40D6-8EE0-6F320621F5C7}.Release|Any CPU.Build.0 = Release|Any CPU
		{8E44A74D-5EF4-46EA-85B5-E404E4476630}.Debug|Any CPU.ActiveCfg = Debug|Any CPU
		{8E44A74D-5EF4-46EA-85B5-E404E4476630}.Debug|Any CPU.Build.0 = Debug|Any CPU
		{8E44A74D-5EF4-46EA-85B5-E404E4476630}.Release|Any CPU.ActiveCfg = Release|Any CPU
		{8E44A74D-5EF4-46EA-85B5-E404E4476630}.Release|Any CPU.Build.0 = Release|Any CPU
	EndGlobalSection
	GlobalSection(SolutionProperties) = preSolution
		HideSolutionNode = FALSE
	EndGlobalSection
	GlobalSection(ExtensibilityGlobals) = postSolution
		SolutionGuid = {0D65F229-E8B5-4D3E-8EC6-4E5C3798FF5C}
	EndGlobalSection
EndGlobal
